
Microsoft Visual Studio Solution File, Format Version 12.00
# Visual Studio Version 17
VisualStudioVersion = 17.13.35806.99 d17.13
MinimumVisualStudioVersion = 10.0.40219.1
Project("{FAE04EC0-301F-11D3-BF4B-00C04F79EFBC}") = "IceCreamSalesAnalyzer.ConsoleApp", "IceCreamSalesAnalyzer\IceCreamSalesAnalyzer.ConsoleApp.csproj", "{AE8B42A1-3ACF-4AAA-8237-EE317ADB53C9}"
EndProject
Project("{FAE04EC0-301F-11D3-BF4B-00C04F79EFBC}") = "IceCreamSalesAnalyzer.Core", "IceCreamSalesAnalyzer.Core\IceCreamSalesAnalyzer.Core.csproj", "{5B82A3C4-D25E-4788-9B61-E60739CBB33D}"
EndProject
Project("{FAE04EC0-301F-11D3-BF4B-00C04F79EFBC}") = "IceCreamSalesAnalyzer.Tests", "IceCreamSalesAnalyzer.Tests\IceCreamSalesAnalyzer.Tests.csproj", "{C4C10415-32F4-4DF1-B13C-D3E0E92676FF}"
EndProject
Global
	GlobalSection(SolutionConfigurationPlatforms) = preSolution
		Debug|Any CPU = Debug|Any CPU
		Release|Any CPU = Release|Any CPU
	EndGlobalSection
	GlobalSection(ProjectConfigurationPlatforms) = postSolution
		{AE8B42A1-3ACF-4AAA-8237-EE317ADB53C9}.Debug|Any CPU.ActiveCfg = Debug|Any CPU
		{AE8B42A1-3ACF-4AAA-8237-EE317ADB53C9}.Debug|Any CPU.Build.0 = Debug|Any CPU
		{AE8B42A1-3ACF-4AAA-8237-EE317ADB53C9}.Release|Any CPU.ActiveCfg = Release|Any CPU
		{AE8B42A1-3ACF-4AAA-8237-EE317ADB53C9}.Release|Any CPU.Build.0 = Release|Any CPU
		{5B82A3C4-D25E-4788-9B61-E60739CBB33D}.Debug|Any CPU.ActiveCfg = Debug|Any CPU
		{5B82A3C4-D25E-4788-9B61-E60739CBB33D}.Debug|Any CPU.Build.0 = Debug|Any CPU
		{5B82A3C4-D25E-4788-9B61-E60739CBB33D}.Release|Any CPU.ActiveCfg = Release|Any CPU
		{5B82A3C4-D25E-4788-9B61-E60739CBB33D}.Release|Any CPU.Build.0 = Release|Any CPU
		{C4C10415-32F4-4DF1-B13C-D3E0E92676FF}.Debug|Any CPU.ActiveCfg = Debug|Any CPU
		{C4C10415-32F4-4DF1-B13C-D3E0E92676FF}.Debug|Any CPU.Build.0 = Debug|Any CPU
		{C4C10415-32F4-4DF1-B13C-D3E0E92676FF}.Release|Any CPU.ActiveCfg = Release|Any CPU
		{C4C10415-32F4-4DF1-B13C-D3E0E92676FF}.Release|Any CPU.Build.0 = Release|Any CPU
	EndGlobalSection
	GlobalSection(SolutionProperties) = preSolution
		HideSolutionNode = FALSE
	EndGlobalSection
	GlobalSection(ExtensibilityGlobals) = postSolution
		SolutionGuid = {4B4518B6-0949-46EC-912F-FE7A09D237C5}
	EndGlobalSection
EndGlobal
